
Microsoft Visual Studio Solution File, Format Version 12.00
# Visual Studio Version 17
VisualStudioVersion = 17.9.34728.123
MinimumVisualStudioVersion = 10.0.40219.1
Project("{9A19103F-16F7-4668-BE54-9A1E7A4F7556}") = "Application", "src\Core\Application\Application.csproj", "{2F8BDF2C-18C5-4BE5-9664-D5ED34E1A83D}"
EndProject
Project("{9A19103F-16F7-4668-BE54-9A1E7A4F7556}") = "Domain", "src\Core\Domain\Domain.csproj", "{1FDD1602-E77C-4494-9C70-532DB20E4E0B}"
EndProject
Project("{9A19103F-16F7-4668-BE54-9A1E7A4F7556}") = "Infrastructure", "src\Infrastructure\Infrastructure.csproj", "{7C579BB5-795A-490E-A130-E91D9E210859}"
EndProject
Project("{9A19103F-16F7-4668-BE54-9A1E7A4F7556}") = "WebApi", "src\WebApi\WebApi.csproj", "{77CB5E81-2BAD-45B5-B120-CEA038D00928}"
EndProject
Global
	GlobalSection(SolutionConfigurationPlatforms) = preSolution
		Debug|Any CPU = Debug|Any CPU
		Release|Any CPU = Release|Any CPU
	EndGlobalSection
	GlobalSection(ProjectConfigurationPlatforms) = postSolution
		{2F8BDF2C-18C5-4BE5-9664-D5ED34E1A83D}.Debug|Any CPU.ActiveCfg = Debug|Any CPU
		{2F8BDF2C-18C5-4BE5-9664-D5ED34E1A83D}.Debug|Any CPU.Build.0 = Debug|Any CPU
		{2F8BDF2C-18C5-4BE5-9664-D5ED34E1A83D}.Release|Any CPU.ActiveCfg = Release|Any CPU
		{2F8BDF2C-18C5-4BE5-9664-D5ED34E1A83D}.Release|Any CPU.Build.0 = Release|Any CPU
		{1FDD1602-E77C-4494-9C70-532DB20E4E0B}.Debug|Any CPU.ActiveCfg = Debug|Any CPU
		{1FDD1602-E77C-4494-9C70-532DB20E4E0B}.Debug|Any CPU.Build.0 = Debug|Any CPU
		{1FDD1602-E77C-4494-9C70-532DB20E4E0B}.Release|Any CPU.ActiveCfg = Release|Any CPU
		{1FDD1602-E77C-4494-9C70-532DB20E4E0B}.Release|Any CPU.Build.0 = Release|Any CPU
		{7C579BB5-795A-490E-A130-E91D9E210859}.Debug|Any CPU.ActiveCfg = Debug|Any CPU
		{7C579BB5-795A-490E-A130-E91D9E210859}.Debug|Any CPU.Build.0 = Debug|Any CPU
		{7C579BB5-795A-490E-A130-E91D9E210859}.Release|Any CPU.ActiveCfg = Release|Any CPU
		{7C579BB5-795A-490E-A130-E91D9E210859}.Release|Any CPU.Build.0 = Release|Any CPU
		{77CB5E81-2BAD-45B5-B120-CEA038D00928}.Debug|Any CPU.ActiveCfg = Debug|Any CPU
		{77CB5E81-2BAD-45B5-B120-CEA038D00928}.Debug|Any CPU.Build.0 = Debug|Any CPU
		{77CB5E81-2BAD-45B5-B120-CEA038D00928}.Release|Any CPU.ActiveCfg = Release|Any CPU
		{77CB5E81-2BAD-45B5-B120-CEA038D00928}.Release|Any CPU.Build.0 = Release|Any CPU
	EndGlobalSection
	GlobalSection(SolutionProperties) = preSolution
		HideSolutionNode = FALSE
	EndGlobalSection
	GlobalSection(ExtensibilityGlobals) = postSolution
		SolutionGuid = {A830212D-06CF-41D8-838D-BB9D23F8C821}
	EndGlobalSection
EndGlobal
